
Microsoft Visual Studio Solution File, Format Version 12.00
# Visual Studio 14
VisualStudioVersion = 14.0.23107.0
MinimumVisualStudioVersion = 10.0.40219.1
Project("{9092AA53-FB77-4645-B42D-1CCCA6BD08BD}") = "UniversalViewer", "UniversalViewer.njsproj", "{135B31B7-582D-4ED6-A319-D27184C4D264}"
EndProject
Project("{9092AA53-FB77-4645-B42D-1CCCA6BD08BD}") = "Manifesto", "..\manifesto\Manifesto.njsproj", "{FBB54118-8831-4484-AF3E-9A121498A341}"
EndProject
Global
	GlobalSection(SolutionConfigurationPlatforms) = preSolution
		Debug|Any CPU = Debug|Any CPU
		Release|Any CPU = Release|Any CPU
	EndGlobalSection
	GlobalSection(ProjectConfigurationPlatforms) = postSolution
		{135B31B7-582D-4ED6-A319-D27184C4D264}.Debug|Any CPU.ActiveCfg = Debug|Any CPU
		{135B31B7-582D-4ED6-A319-D27184C4D264}.Debug|Any CPU.Build.0 = Debug|Any CPU
		{135B31B7-582D-4ED6-A319-D27184C4D264}.Release|Any CPU.ActiveCfg = Release|Any CPU
		{135B31B7-582D-4ED6-A319-D27184C4D264}.Release|Any CPU.Build.0 = Release|Any CPU
		{FBB54118-8831-4484-AF3E-9A121498A341}.Debug|Any CPU.ActiveCfg = Debug|Any CPU
		{FBB54118-8831-4484-AF3E-9A121498A341}.Debug|Any CPU.Build.0 = Debug|Any CPU
		{FBB54118-8831-4484-AF3E-9A121498A341}.Release|Any CPU.ActiveCfg = Release|Any CPU
		{FBB54118-8831-4484-AF3E-9A121498A341}.Release|Any CPU.Build.0 = Release|Any CPU
	EndGlobalSection
	GlobalSection(SolutionProperties) = preSolution
		HideSolutionNode = FALSE
	EndGlobalSection
EndGlobal
